
Microsoft Visual Studio Solution File, Format Version 12.00
# Visual Studio 15
VisualStudioVersion = 15.0.28307.329
MinimumVisualStudioVersion = 10.0.40219.1
Project("{FAE04EC0-301F-11D3-BF4B-00C04F79EFBC}") = "BethanysPieShop", "BethanysPieShop\BethanysPieShop.csproj", "{1CE98CC9-44EE-4686-AD5D-42329C5E4231}"
EndProject
Global
	GlobalSection(SolutionConfigurationPlatforms) = preSolution
		Debug|Any CPU = Debug|Any CPU
		Release|Any CPU = Release|Any CPU
	EndGlobalSection
	GlobalSection(ProjectConfigurationPlatforms) = postSolution
		{1CE98CC9-44EE-4686-AD5D-42329C5E4231}.Debug|Any CPU.ActiveCfg = Debug|Any CPU
		{1CE98CC9-44EE-4686-AD5D-42329C5E4231}.Debug|Any CPU.Build.0 = Debug|Any CPU
		{1CE98CC9-44EE-4686-AD5D-42329C5E4231}.Release|Any CPU.ActiveCfg = Release|Any CPU
		{1CE98CC9-44EE-4686-AD5D-42329C5E4231}.Release|Any CPU.Build.0 = Release|Any CPU
	EndGlobalSection
	GlobalSection(SolutionProperties) = preSolution
		HideSolutionNode = FALSE
	EndGlobalSection
	GlobalSection(ExtensibilityGlobals) = postSolution
		SolutionGuid = {BB9D9530-A6C0-46CD-9CDF-44DB0DDB2FAD}
	EndGlobalSection
EndGlobal
